
Microsoft Visual Studio Solution File, Format Version 12.00
# Visual Studio Version 16
VisualStudioVersion = 16.0.29728.190
MinimumVisualStudioVersion = 10.0.40219.1
Project("{FAE04EC0-301F-11D3-BF4B-00C04F79EFBC}") = "SuperAdventure", "SuperAdventure.csproj", "{E1B6BBB4-8029-4E25-99C5-0183A9C72454}"
EndProject
Project("{FAE04EC0-301F-11D3-BF4B-00C04F79EFBC}") = "Engine", "..\Engine\Engine.csproj", "{EAC9F1BB-4C76-4B30-A142-E1751F31AA6B}"
EndProject
Global
	GlobalSection(SolutionConfigurationPlatforms) = preSolution
		Debug|Any CPU = Debug|Any CPU
		Release|Any CPU = Release|Any CPU
	EndGlobalSection
	GlobalSection(ProjectConfigurationPlatforms) = postSolution
		{E1B6BBB4-8029-4E25-99C5-0183A9C72454}.Debug|Any CPU.ActiveCfg = Debug|Any CPU
		{E1B6BBB4-8029-4E25-99C5-0183A9C72454}.Debug|Any CPU.Build.0 = Debug|Any CPU
		{E1B6BBB4-8029-4E25-99C5-0183A9C72454}.Release|Any CPU.ActiveCfg = Release|Any CPU
		{E1B6BBB4-8029-4E25-99C5-0183A9C72454}.Release|Any CPU.Build.0 = Release|Any CPU
		{EAC9F1BB-4C76-4B30-A142-E1751F31AA6B}.Debug|Any CPU.ActiveCfg = Debug|Any CPU
		{EAC9F1BB-4C76-4B30-A142-E1751F31AA6B}.Debug|Any CPU.Build.0 = Debug|Any CPU
		{EAC9F1BB-4C76-4B30-A142-E1751F31AA6B}.Release|Any CPU.ActiveCfg = Release|Any CPU
		{EAC9F1BB-4C76-4B30-A142-E1751F31AA6B}.Release|Any CPU.Build.0 = Release|Any CPU
	EndGlobalSection
	GlobalSection(SolutionProperties) = preSolution
		HideSolutionNode = FALSE
	EndGlobalSection
	GlobalSection(ExtensibilityGlobals) = postSolution
		SolutionGuid = {FC05A7B5-2987-458E-99F2-95DBC1F67AC4}
	EndGlobalSection
EndGlobal
